{
  "version": 1,
  "dependencies": {
    "net10.0-windows10.0.26100": {
      "Markdig": {
        "type": "Direct",
        "requested": "[1.2.0, )",
        "resolved": "1.2.0",
        "contentHash": "LoBVOgeDWfHthWTPzQJkjDkxImqBXRA5XpuTyjdM4SAURyWQGG1CbEEbfPbmvAavggnAZPaTYpbhIPUurWvIXA=="
      }
    }
  }
}