{
  "version": 1,
  "dependencies": {
    "net10.0-windows10.0.26100": {
      "Hardcodet.NotifyIcon.Wpf": {
        "type": "Direct",
        "requested": "[2.0.1, )",
        "resolved": "2.0.1",
        "contentHash": "dtxmeZXzV2GzSm91aZ3hqzgoeVoARSkDPVCYfhVUNyyKBWYxMgNC0EcLiSYxD4Uc4alq/2qb3SmV8DgAENLRLQ=="
      },
      "Microsoft.Extensions.DependencyInjection": {
        "type": "Direct",
        "requested": "[10.0.9, )",
        "resolved": "10.0.9",
        "contentHash": "NijozhERJDIaJ4k5TSMy1jOi0cSC2HfkvRD/Sl+kGSSKgVbFnF4GxgtMN/MrzHB8D1JxIrD4xSer9Blh9v3axQ==",
        "dependencies": {
          "Microsoft.Extensions.DependencyInjection.Abstractions": "10.0.9"
        }
      },
      "AvalonEdit": {
        "type": "Transitive",
        "resolved": "6.3.1.120",
        "contentHash": "6ASBKPzAg64BLDlFOJo4Ypr1sA/6hB5+TfHLJaZYUSTE0jgxvKlVqKeo/ISTG9qEMxu604qUu6BGugmJkfdrNw=="
      },
      "Cylinder.WPF": {
        "type": "Transitive",
        "resolved": "1.0.0-preview.2",
        "contentHash": "Vi65qfphYUN0O5nm1/1CJQvOmuB8Yt3PRhjvze3uLbktlg8rtX1J19E/bby8BL9IedR4JjGMqfWKUse5EW/6UA=="
      },
      "Markdig": {
        "type": "Transitive",
        "resolved": "1.3.2",
        "contentHash": "fZgOC/3CswUrndjDTac70aQpYdtxbW5+5bRumR7vzvI2HJbkmgKisB1c9oT+GA6v0jB/JDR9BLa9FiPzQmaK6A=="
      },
      "Microsoft.Extensions.DependencyInjection.Abstractions": {
        "type": "Transitive",
        "resolved": "10.0.9",
        "contentHash": "g41l/30G3K4B/d/L8kjux0+30e27c8D0FVQ/PFCpbekgfDpj9mnDhieP67EqXWvl1EWNeZh2rpR4F5B/jcDOHA=="
      },
      "Microsoft.Web.WebView2": {
        "type": "Transitive",
        "resolved": "1.0.4022.49",
        "contentHash": "Dwewh8bbbXoFiF2y0jT3MBEV5ZXZVA7FDbMl6DixUCCLQAoymLMxMwqibdBaY/eWCG/BBSAILUOFDIzJZ9lfNQ=="
      },
      "winquicklook.core": {
        "type": "Project",
        "dependencies": {
          "AvalonEdit": "[6.3.1.120, )",
          "Cylinder.WPF": "[1.0.0-preview.2, )",
          "Markdig": "[1.3.2, )",
          "Microsoft.Web.WebView2": "[1.0.4022.49, )",
          "WinQuickLook.CsWin32": "[1.0.0, )"
        }
      },
      "winquicklook.cswin32": {
        "type": "Project"
      }
    },
    "net10.0-windows10.0.26100/win-arm64": {
      "Microsoft.Web.WebView2": {
        "type": "Transitive",
        "resolved": "1.0.4022.49",
        "contentHash": "Dwewh8bbbXoFiF2y0jT3MBEV5ZXZVA7FDbMl6DixUCCLQAoymLMxMwqibdBaY/eWCG/BBSAILUOFDIzJZ9lfNQ=="
      }
    },
    "net10.0-windows10.0.26100/win-x64": {
      "Microsoft.Web.WebView2": {
        "type": "Transitive",
        "resolved": "1.0.4022.49",
        "contentHash": "Dwewh8bbbXoFiF2y0jT3MBEV5ZXZVA7FDbMl6DixUCCLQAoymLMxMwqibdBaY/eWCG/BBSAILUOFDIzJZ9lfNQ=="
      }
    }
  }
}