{
  "version": 1,
  "dependencies": {
    "net10.0-windows10.0.26100": {
      "AvalonEdit": {
        "type": "Direct",
        "requested": "[6.3.1.120, )",
        "resolved": "6.3.1.120",
        "contentHash": "6ASBKPzAg64BLDlFOJo4Ypr1sA/6hB5+TfHLJaZYUSTE0jgxvKlVqKeo/ISTG9qEMxu604qUu6BGugmJkfdrNw=="
      },
      "Cylinder.WPF": {
        "type": "Direct",
        "requested": "[1.0.0-preview.2, )",
        "resolved": "1.0.0-preview.2",
        "contentHash": "Vi65qfphYUN0O5nm1/1CJQvOmuB8Yt3PRhjvze3uLbktlg8rtX1J19E/bby8BL9IedR4JjGMqfWKUse5EW/6UA=="
      },
      "Markdig": {
        "type": "Direct",
        "requested": "[0.45.0, )",
        "resolved": "0.45.0",
        "contentHash": "ObNLcA1b+0lpNNoEg256g9faMeJZi35wZW0AnKJ4nGPJe+5qkwnV26kUvQTHuanFnSX9SdvPzOO41BVJ6XarAg=="
      },
      "Microsoft.Web.WebView2": {
        "type": "Direct",
        "requested": "[1.0.3800.47, )",
        "resolved": "1.0.3800.47",
        "contentHash": "vluoF9sqb72AB02yYs1UXW/2/VsxOMl2idiFJNvG993sOw3bHJvjHXmd3tqevTd9s3Md/9FgEzkOXoUl2Nb/ww=="
      },
      "winquicklook.cswin32": {
        "type": "Project"
      }
    }
  }
}