{
  "version": 1,
  "dependencies": {
    "net10.0-windows10.0.26100": {
      "AvalonEdit": {
        "type": "Direct",
        "requested": "[6.3.1.120, )",
        "resolved": "6.3.1.120",
        "contentHash": "6ASBKPzAg64BLDlFOJo4Ypr1sA/6hB5+TfHLJaZYUSTE0jgxvKlVqKeo/ISTG9qEMxu604qUu6BGugmJkfdrNw=="
      },
      "Cylinder.WPF": {
        "type": "Direct",
        "requested": "[1.0.0-preview.2, )",
        "resolved": "1.0.0-preview.2",
        "contentHash": "Vi65qfphYUN0O5nm1/1CJQvOmuB8Yt3PRhjvze3uLbktlg8rtX1J19E/bby8BL9IedR4JjGMqfWKUse5EW/6UA=="
      },
      "Markdig": {
        "type": "Direct",
        "requested": "[1.1.3, )",
        "resolved": "1.1.3",
        "contentHash": "wboYc6YToID7koq+onej7rjd/kv4urZaZ4QMiJoF/jXt/ZlXe2Af9gWG4nOe5tk654UaOPYvKL64iFum7qWEYA=="
      },
      "Microsoft.Web.WebView2": {
        "type": "Direct",
        "requested": "[1.0.3912.50, )",
        "resolved": "1.0.3912.50",
        "contentHash": "mEIKZDSmb6CxGWKoxaxTSJ0yi0DD2zp29TA7kJY2GdanuH3c5aYruwfqsm3OsYn/h2hUhybQZvfbxyZe4O+X4Q=="
      },
      "winquicklook.cswin32": {
        "type": "Project"
      }
    }
  }
}