{
  "version": 1,
  "dependencies": {
    "net10.0-windows10.0.26100": {
      "AvalonEdit": {
        "type": "Direct",
        "requested": "[6.3.1.120, )",
        "resolved": "6.3.1.120",
        "contentHash": "6ASBKPzAg64BLDlFOJo4Ypr1sA/6hB5+TfHLJaZYUSTE0jgxvKlVqKeo/ISTG9qEMxu604qUu6BGugmJkfdrNw=="
      },
      "Cylinder.WPF": {
        "type": "Direct",
        "requested": "[1.0.0-preview.2, )",
        "resolved": "1.0.0-preview.2",
        "contentHash": "Vi65qfphYUN0O5nm1/1CJQvOmuB8Yt3PRhjvze3uLbktlg8rtX1J19E/bby8BL9IedR4JjGMqfWKUse5EW/6UA=="
      },
      "Markdig": {
        "type": "Direct",
        "requested": "[1.2.0, )",
        "resolved": "1.2.0",
        "contentHash": "LoBVOgeDWfHthWTPzQJkjDkxImqBXRA5XpuTyjdM4SAURyWQGG1CbEEbfPbmvAavggnAZPaTYpbhIPUurWvIXA=="
      },
      "Microsoft.Web.WebView2": {
        "type": "Direct",
        "requested": "[1.0.3967.48, )",
        "resolved": "1.0.3967.48",
        "contentHash": "b7dZ5kZ9bfU5Yo11M8feCOoiyalXCN+2Gsw674RBDBmQ2dJV5EOXb8/ivN2LuLJ+VO2V7FmK6l6LsyfEnG1lXw=="
      },
      "winquicklook.cswin32": {
        "type": "Project"
      }
    }
  }
}